// !$*UTF8*$!
{
	archiveVersion = 1;
	classes = {
	};
	objectVersion = 46;
	objects = {

/* Begin PBXBuildFile section */
		F0FE3F511C47838100E7A574 /* main.m in Sources */ = {isa = PBXBuildFile; fileRef = F0FE3F501C47838100E7A574 /* main.m */; };
		F0FE3F541C47838200E7A574 /* AppDelegate.m in Sources */ = {isa = PBXBuildFile; fileRef = F0FE3F531C47838200E7A574 /* AppDelegate.m */; };
		F0FE3F571C47838200E7A574 /* ViewController.m in Sources */ = {isa = PBXBuildFile; fileRef = F0FE3F561C47838200E7A574 /* ViewController.m */; };
		F0FE3F5C1C47838200E7A574 /* Assets.xcassets in Resources */ = {isa = PBXBuildFile; fileRef = F0FE3F5B1C47838200E7A574 /* Assets.xcassets */; };
		F0FE3F5F1C47838200E7A574 /* LaunchScreen.storyboard in Resources */ = {isa = PBXBuildFile; fileRef = F0FE3F5D1C47838200E7A574 /* LaunchScreen.storyboard */; };
		F0FE3F6A1C47838200E7A574 /* TPDrawerViewControllerTests.m in Sources */ = {isa = PBXBuildFile; fileRef = F0FE3F691C47838200E7A574 /* TPDrawerViewControllerTests.m */; };
		F0FE3F751C47838200E7A574 /* TPDrawerViewControllerUITests.m in Sources */ = {isa = PBXBuildFile; fileRef = F0FE3F741C47838200E7A574 /* TPDrawerViewControllerUITests.m */; };
		F0FE3F841C4783A300E7A574 /* TPDrawerViewController.m in Sources */ = {isa = PBXBuildFile; fileRef = F0FE3F831C4783A300E7A574 /* TPDrawerViewController.m */; };
		F0FE3F871C47D75C00E7A574 /* TPLeftViewController.m in Sources */ = {isa = PBXBuildFile; fileRef = F0FE3F861C47D75C00E7A574 /* TPLeftViewController.m */; };
/* End PBXBuildFile section */

/* Begin PBXContainerItemProxy section */
		F0FE3F661C47838200E7A574 /* PBXContainerItemProxy */ = {
			isa = PBXContainerItemProxy;
			containerPortal = F0FE3F441C47838100E7A574 /* Project object */;
			proxyType = 1;
			remoteGlobalIDString = F0FE3F4B1C47838100E7A574;
			remoteInfo = TPDrawerViewController;
		};
		F0FE3F711C47838200E7A574 /* PBXContainerItemProxy */ = {
			isa = PBXContainerItemProxy;
			containerPortal = F0FE3F441C47838100E7A574 /* Project object */;
			proxyType = 1;
			remoteGlobalIDString = F0FE3F4B1C47838100E7A574;
			remoteInfo = TPDrawerViewController;
		};
/* End PBXContainerItemProxy section */

/* Begin PBXFileReference section */
		F0FE3F4C1C47838100E7A574 /* TPDrawerViewController.app */ = {isa = PBXFileReference; explicitFileType = wrapper.application; includeInIndex = 0; path = TPDrawerViewController.app; sourceTree = BUILT_PRODUCTS_DIR; };
		F0FE3F501C47838100E7A574 /* main.m */ = {isa = PBXFileReference; lastKnownFileType = sourcecode.c.objc; path = main.m; sourceTree = "<group>"; };
		F0FE3F521C47838100E7A574 /* AppDelegate.h */ = {isa = PBXFileReference; lastKnownFileType = sourcecode.c.h; path = AppDelegate.h; sourceTree = "<group>"; };
		F0FE3F531C47838200E7A574 /* AppDelegate.m */ = {isa = PBXFileReference; lastKnownFileType = sourcecode.c.objc; path = AppDelegate.m; sourceTree = "<group>"; };
		F0FE3F551C47838200E7A574 /* ViewController.h */ = {isa = PBXFileReference; lastKnownFileType = sourcecode.c.h; path = ViewController.h; sourceTree = "<group>"; };
		F0FE3F561C47838200E7A574 /* ViewController.m */ = {isa = PBXFileReference; lastKnownFileType = sourcecode.c.objc; path = ViewController.m; sourceTree = "<group>"; };
		F0FE3F5B1C47838200E7A574 /* Assets.xcassets */ = {isa = PBXFileReference; lastKnownFileType = folder.assetcatalog; path = Assets.xcassets; sourceTree = "<group>"; };
		F0FE3F5E1C47838200E7A574 /* Base */ = {isa = PBXFileReference; lastKnownFileType = file.storyboard; name = Base; path = Base.lproj/LaunchScreen.storyboard; sourceTree = "<group>"; };
		F0FE3F601C47838200E7A574 /* Info.plist */ = {isa = PBXFileReference; lastKnownFileType = text.plist.xml; path = Info.plist; sourceTree = "<group>"; };
		F0FE3F651C47838200E7A574 /* TPDrawerViewControllerTests.xctest */ = {isa = PBXFileReference; explicitFileType = wrapper.cfbundle; includeInIndex = 0; path = TPDrawerViewControllerTests.xctest; sourceTree = BUILT_PRODUCTS_DIR; };
		F0FE3F691C47838200E7A574 /* TPDrawerViewControllerTests.m */ = {isa = PBXFileReference; lastKnownFileType = sourcecode.c.objc; path = TPDrawerViewControllerTests.m; sourceTree = "<group>"; };
		F0FE3F6B1C47838200E7A574 /* Info.plist */ = {isa = PBXFileReference; lastKnownFileType = text.plist.xml; path = Info.plist; sourceTree = "<group>"; };
		F0FE3F701C47838200E7A574 /* TPDrawerViewControllerUITests.xctest */ = {isa = PBXFileReference; explicitFileType = wrapper.cfbundle; includeInIndex = 0; path = TPDrawerViewControllerUITests.xctest; sourceTree = BUILT_PRODUCTS_DIR; };
		F0FE3F741C47838200E7A574 /* TPDrawerViewControllerUITests.m */ = {isa = PBXFileReference; lastKnownFileType = sourcecode.c.objc; path = TPDrawerViewControllerUITests.m; sourceTree = "<group>"; };
		F0FE3F761C47838200E7A574 /* Info.plist */ = {isa = PBXFileReference; lastKnownFileType = text.plist.xml; path = Info.plist; sourceTree = "<group>"; };
		F0FE3F821C4783A300E7A574 /* TPDrawerViewController.h */ = {isa = PBXFileReference; fileEncoding = 4; lastKnownFileType = sourcecode.c.h; path = TPDrawerViewController.h; sourceTree = "<group>"; };
		F0FE3F831C4783A300E7A574 /* TPDrawerViewController.m */ = {isa = PBXFileReference; fileEncoding = 4; lastKnownFileType = sourcecode.c.objc; path = TPDrawerViewController.m; sourceTree = "<group>"; };
		F0FE3F851C47D75C00E7A574 /* TPLeftViewController.h */ = {isa = PBXFileReference; fileEncoding = 4; lastKnownFileType = sourcecode.c.h; path = TPLeftViewController.h; sourceTree = "<group>"; };
		F0FE3F861C47D75C00E7A574 /* TPLeftViewController.m */ = {isa = PBXFileReference; fileEncoding = 4; lastKnownFileType = sourcecode.c.objc; path = TPLeftViewController.m; sourceTree = "<group>"; };
/* End PBXFileReference section */

/* Begin PBXFrameworksBuildPhase section */
		F0FE3F491C47838100E7A574 /* Frameworks */ = {
			isa = PBXFrameworksBuildPhase;
			buildActionMask = 2147483647;
			files = (
			);
			runOnlyForDeploymentPostprocessing = 0;
		};
		F0FE3F621C47838200E7A574 /* Frameworks */ = {
			isa = PBXFrameworksBuildPhase;
			buildActionMask = 2147483647;
			files = (
			);
			runOnlyForDeploymentPostprocessing = 0;
		};
		F0FE3F6D1C47838200E7A574 /* Frameworks */ = {
			isa = PBXFrameworksBuildPhase;
			buildActionMask = 2147483647;
			files = (
			);
			runOnlyForDeploymentPostprocessing = 0;
		};
/* End PBXFrameworksBuildPhase section */

/* Begin PBXGroup section */
		F0FE3F431C47838100E7A574 = {
			isa = PBXGroup;
			children = (
				F0FE3F4E1C47838100E7A574 /* TPDrawerViewController */,
				F0FE3F681C47838200E7A574 /* TPDrawerViewControllerTests */,
				F0FE3F731C47838200E7A574 /* TPDrawerViewControllerUITests */,
				F0FE3F4D1C47838100E7A574 /* Products */,
			);
			sourceTree = "<group>";
		};
		F0FE3F4D1C47838100E7A574 /* Products */ = {
			isa = PBXGroup;
			children = (
				F0FE3F4C1C47838100E7A574 /* TPDrawerViewController.app */,
				F0FE3F651C47838200E7A574 /* TPDrawerViewControllerTests.xctest */,
				F0FE3F701C47838200E7A574 /* TPDrawerViewControllerUITests.xctest */,
			);
			name = Products;
			sourceTree = "<group>";
		};
		F0FE3F4E1C47838100E7A574 /* TPDrawerViewController */ = {
			isa = PBXGroup;
			children = (
				F0FE3F521C47838100E7A574 /* AppDelegate.h */,
				F0FE3F531C47838200E7A574 /* AppDelegate.m */,
				F0FE3F551C47838200E7A574 /* ViewController.h */,
				F0FE3F561C47838200E7A574 /* ViewController.m */,
				F0FE3F851C47D75C00E7A574 /* TPLeftViewController.h */,
				F0FE3F861C47D75C00E7A574 /* TPLeftViewController.m */,
				F0FE3F5B1C47838200E7A574 /* Assets.xcassets */,
				F0FE3F5D1C47838200E7A574 /* LaunchScreen.storyboard */,
				F0FE3F601C47838200E7A574 /* Info.plist */,
				F0FE3F4F1C47838100E7A574 /* Supporting Files */,
				F0FE3F821C4783A300E7A574 /* TPDrawerViewController.h */,
				F0FE3F831C4783A300E7A574 /* TPDrawerViewController.m */,
			);
			path = TPDrawerViewController;
			sourceTree = "<group>";
		};
		F0FE3F4F1C47838100E7A574 /* Supporting Files */ = {
			isa = PBXGroup;
			children = (
				F0FE3F501C47838100E7A574 /* main.m */,
			);
			name = "Supporting Files";
			sourceTree = "<group>";
		};
		F0FE3F681C47838200E7A574 /* TPDrawerViewControllerTests */ = {
			isa = PBXGroup;
			children = (
				F0FE3F691C47838200E7A574 /* TPDrawerViewControllerTests.m */,
				F0FE3F6B1C47838200E7A574 /* Info.plist */,
			);
			path = TPDrawerViewControllerTests;
			sourceTree = "<group>";
		};
		F0FE3F731C47838200E7A574 /* TPDrawerViewControllerUITests */ = {
			isa = PBXGroup;
			children = (
				F0FE3F741C47838200E7A574 /* TPDrawerViewControllerUITests.m */,
				F0FE3F761C47838200E7A574 /* Info.plist */,
			);
			path = TPDrawerViewControllerUITests;
			sourceTree = "<group>";
		};
/* End PBXGroup section */

/* Begin PBXNativeTarget section */
		F0FE3F4B1C47838100E7A574 /* TPDrawerViewController */ = {
			isa = PBXNativeTarget;
			buildConfigurationList = F0FE3F791C47838200E7A574 /* Build configuration list for PBXNativeTarget "TPDrawerViewController" */;
			buildPhases = (
				F0FE3F481C47838100E7A574 /* Sources */,
				F0FE3F491C47838100E7A574 /* Frameworks */,
				F0FE3F4A1C47838100E7A574 /* Resources */,
			);
			buildRules = (
			);
			dependencies = (
			);
			name = TPDrawerViewController;
			productName = TPDrawerViewController;
			productReference = F0FE3F4C1C47838100E7A574 /* TPDrawerViewController.app */;
			productType = "com.apple.product-type.application";
		};
		F0FE3F641C47838200E7A574 /* TPDrawerViewControllerTests */ = {
			isa = PBXNativeTarget;
			buildConfigurationList = F0FE3F7C1C47838200E7A574 /* Build configuration list for PBXNativeTarget "TPDrawerViewControllerTests" */;
			buildPhases = (
				F0FE3F611C47838200E7A574 /* Sources */,
				F0FE3F621C47838200E7A574 /* Frameworks */,
				F0FE3F631C47838200E7A574 /* Resources */,
			);
			buildRules = (
			);
			dependencies = (
				F0FE3F671C47838200E7A574 /* PBXTargetDependency */,
			);
			name = TPDrawerViewControllerTests;
			productName = TPDrawerViewControllerTests;
			productReference = F0FE3F651C47838200E7A574 /* TPDrawerViewControllerTests.xctest */;
			productType = "com.apple.product-type.bundle.unit-test";
		};
		F0FE3F6F1C47838200E7A574 /* TPDrawerViewControllerUITests */ = {
			isa = PBXNativeTarget;
			buildConfigurationList = F0FE3F7F1C47838200E7A574 /* Build configuration list for PBXNativeTarget "TPDrawerViewControllerUITests" */;
			buildPhases = (
				F0FE3F6C1C47838200E7A574 /* Sources */,
				F0FE3F6D1C47838200E7A574 /* Frameworks */,
				F0FE3F6E1C47838200E7A574 /* Resources */,
			);
			buildRules = (
			);
			dependencies = (
				F0FE3F721C47838200E7A574 /* PBXTargetDependency */,
			);
			name = TPDrawerViewControllerUITests;
			productName = TPDrawerViewControllerUITests;
			productReference = F0FE3F701C47838200E7A574 /* TPDrawerViewControllerUITests.xctest */;
			productType = "com.apple.product-type.bundle.ui-testing";
		};
/* End PBXNativeTarget section */

/* Begin PBXProject section */
		F0FE3F441C47838100E7A574 /* Project object */ = {
			isa = PBXProject;
			attributes = {
				CLASSPREFIX = TP;
				LastUpgradeCheck = 0720;
				ORGANIZATIONNAME = Tpphha;
				TargetAttributes = {
					F0FE3F4B1C47838100E7A574 = {
						CreatedOnToolsVersion = 7.2;
					};
					F0FE3F641C47838200E7A574 = {
						CreatedOnToolsVersion = 7.2;
						TestTargetID = F0FE3F4B1C47838100E7A574;
					};
					F0FE3F6F1C47838200E7A574 = {
						CreatedOnToolsVersion = 7.2;
						TestTargetID = F0FE3F4B1C47838100E7A574;
					};
				};
			};
			buildConfigurationList = F0FE3F471C47838100E7A574 /* Build configuration list for PBXProject "TPDrawerViewController" */;
			compatibilityVersion = "Xcode 3.2";
			developmentRegion = English;
			hasScannedForEncodings = 0;
			knownRegions = (
				en,
				Base,
			);
			mainGroup = F0FE3F431C47838100E7A574;
			productRefGroup = F0FE3F4D1C47838100E7A574 /* Products */;
			projectDirPath = "";
			projectRoot = "";
			targets = (
				F0FE3F4B1C47838100E7A574 /* TPDrawerViewController */,
				F0FE3F641C47838200E7A574 /* TPDrawerViewControllerTests */,
				F0FE3F6F1C47838200E7A574 /* TPDrawerViewControllerUITests */,
			);
		};
/* End PBXProject section */

/* Begin PBXResourcesBuildPhase section */
		F0FE3F4A1C47838100E7A574 /* Resources */ = {
			isa = PBXResourcesBuildPhase;
			buildActionMask = 2147483647;
			files = (
				F0FE3F5F1C47838200E7A574 /* LaunchScreen.storyboard in Resources */,
				F0FE3F5C1C47838200E7A574 /* Assets.xcassets in Resources */,
			);
			runOnlyForDeploymentPostprocessing = 0;
		};
		F0FE3F631C47838200E7A574 /* Resources */ = {
			isa = PBXResourcesBuildPhase;
			buildActionMask = 2147483647;
			files = (
			);
			runOnlyForDeploymentPostprocessing = 0;
		};
		F0FE3F6E1C47838200E7A574 /* Resources */ = {
			isa = PBXResourcesBuildPhase;
			buildActionMask = 2147483647;
			files = (
			);
			runOnlyForDeploymentPostprocessing = 0;
		};
/* End PBXResourcesBuildPhase section */

/* Begin PBXSourcesBuildPhase section */
		F0FE3F481C47838100E7A574 /* Sources */ = {
			isa = PBXSourcesBuildPhase;
			buildActionMask = 2147483647;
			files = (
				F0FE3F571C47838200E7A574 /* ViewController.m in Sources */,
				F0FE3F541C47838200E7A574 /* AppDelegate.m in Sources */,
				F0FE3F871C47D75C00E7A574 /* TPLeftViewController.m in Sources */,
				F0FE3F511C47838100E7A574 /* main.m in Sources */,
				F0FE3F841C4783A300E7A574 /* TPDrawerViewController.m in Sources */,
			);
			runOnlyForDeploymentPostprocessing = 0;
		};
		F0FE3F611C47838200E7A574 /* Sources */ = {
			isa = PBXSourcesBuildPhase;
			buildActionMask = 2147483647;
			files = (
				F0FE3F6A1C47838200E7A574 /* TPDrawerViewControllerTests.m in Sources */,
			);
			runOnlyForDeploymentPostprocessing = 0;
		};
		F0FE3F6C1C47838200E7A574 /* Sources */ = {
			isa = PBXSourcesBuildPhase;
			buildActionMask = 2147483647;
			files = (
				F0FE3F751C47838200E7A574 /* TPDrawerViewControllerUITests.m in Sources */,
			);
			runOnlyForDeploymentPostprocessing = 0;
		};
/* End PBXSourcesBuildPhase section */

/* Begin PBXTargetDependency section */
		F0FE3F671C47838200E7A574 /* PBXTargetDependency */ = {
			isa = PBXTargetDependency;
			target = F0FE3F4B1C47838100E7A574 /* TPDrawerViewController */;
			targetProxy = F0FE3F661C47838200E7A574 /* PBXContainerItemProxy */;
		};
		F0FE3F721C47838200E7A574 /* PBXTargetDependency */ = {
			isa = PBXTargetDependency;
			target = F0FE3F4B1C47838100E7A574 /* TPDrawerViewController */;
			targetProxy = F0FE3F711C47838200E7A574 /* PBXContainerItemProxy */;
		};
/* End PBXTargetDependency section */

/* Begin PBXVariantGroup section */
		F0FE3F5D1C47838200E7A574 /* LaunchScreen.storyboard */ = {
			isa = PBXVariantGroup;
			children = (
				F0FE3F5E1C47838200E7A574 /* Base */,
			);
			name = LaunchScreen.storyboard;
			sourceTree = "<group>";
		};
/* End PBXVariantGroup section */

/* Begin XCBuildConfiguration section */
		F0FE3F771C47838200E7A574 /* Debug */ = {
			isa = XCBuildConfiguration;
			buildSettings = {
				ALWAYS_SEARCH_USER_PATHS = NO;
				CLANG_CXX_LANGUAGE_STANDARD = "gnu++0x";
				CLANG_CXX_LIBRARY = "libc++";
				CLANG_ENABLE_MODULES = YES;
				CLANG_ENABLE_OBJC_ARC = YES;
				CLANG_WARN_BOOL_CONVERSION = YES;
				CLANG_WARN_CONSTANT_CONVERSION = YES;
				CLANG_WARN_DIRECT_OBJC_ISA_USAGE = YES_ERROR;
				CLANG_WARN_EMPTY_BODY = YES;
				CLANG_WARN_ENUM_CONVERSION = YES;
				CLANG_WARN_INT_CONVERSION = YES;
				CLANG_WARN_OBJC_ROOT_CLASS = YES_ERROR;
				CLANG_WARN_UNREACHABLE_CODE = YES;
				CLANG_WARN__DUPLICATE_METHOD_MATCH = YES;
				"CODE_SIGN_IDENTITY[sdk=iphoneos*]" = "iPhone Developer";
				COPY_PHASE_STRIP = NO;
				DEBUG_INFORMATION_FORMAT = dwarf;
				ENABLE_STRICT_OBJC_MSGSEND = YES;
				ENABLE_TESTABILITY = YES;
				GCC_C_LANGUAGE_STANDARD = gnu99;
				GCC_DYNAMIC_NO_PIC = NO;
				GCC_NO_COMMON_BLOCKS = YES;
				GCC_OPTIMIZATION_LEVEL = 0;
				GCC_PREPROCESSOR_DEFINITIONS = (
					"DEBUG=1",
					"$(inherited)",
				);
				GCC_WARN_64_TO_32_BIT_CONVERSION = YES;
				GCC_WARN_ABOUT_RETURN_TYPE = YES_ERROR;
				GCC_WARN_UNDECLARED_SELECTOR = YES;
				GCC_WARN_UNINITIALIZED_AUTOS = YES_AGGRESSIVE;
				GCC_WARN_UNUSED_FUNCTION = YES;
				GCC_WARN_UNUSED_VARIABLE = YES;
				IPHONEOS_DEPLOYMENT_TARGET = 9.2;
				MTL_ENABLE_DEBUG_INFO = YES;
				ONLY_ACTIVE_ARCH = YES;
				SDKROOT = iphoneos;
			};
			name = Debug;
		};
		F0FE3F781C47838200E7A574 /* Release */ = {
			isa = XCBuildConfiguration;
			buildSettings = {
				ALWAYS_SEARCH_USER_PATHS = NO;
				CLANG_CXX_LANGUAGE_STANDARD = "gnu++0x";
				CLANG_CXX_LIBRARY = "libc++";
				CLANG_ENABLE_MODULES = YES;
				CLANG_ENABLE_OBJC_ARC = YES;
				CLANG_WARN_BOOL_CONVERSION = YES;
				CLANG_WARN_CONSTANT_CONVERSION = YES;
				CLANG_WARN_DIRECT_OBJC_ISA_USAGE = YES_ERROR;
				CLANG_WARN_EMPTY_BODY = YES;
				CLANG_WARN_ENUM_CONVERSION = YES;
				CLANG_WARN_INT_CONVERSION = YES;
				CLANG_WARN_OBJC_ROOT_CLASS = YES_ERROR;
				CLANG_WARN_UNREACHABLE_CODE = YES;
				CLANG_WARN__DUPLICATE_METHOD_MATCH = YES;
				"CODE_SIGN_IDENTITY[sdk=iphoneos*]" = "iPhone Developer";
				COPY_PHASE_STRIP = NO;
				DEBUG_INFORMATION_FORMAT = "dwarf-with-dsym";
				ENABLE_NS_ASSERTIONS = NO;
				ENABLE_STRICT_OBJC_MSGSEND = YES;
				GCC_C_LANGUAGE_STANDARD = gnu99;
				GCC_NO_COMMON_BLOCKS = YES;
				GCC_WARN_64_TO_32_BIT_CONVERSION = YES;
				GCC_WARN_ABOUT_RETURN_TYPE = YES_ERROR;
				GCC_WARN_UNDECLARED_SELECTOR = YES;
				GCC_WARN_UNINITIALIZED_AUTOS = YES_AGGRESSIVE;
				GCC_WARN_UNUSED_FUNCTION = YES;
				GCC_WARN_UNUSED_VARIABLE = YES;
				IPHONEOS_DEPLOYMENT_TARGET = 9.2;
				MTL_ENABLE_DEBUG_INFO = NO;
				SDKROOT = iphoneos;
				VALIDATE_PRODUCT = YES;
			};
			name = Release;
		};
		F0FE3F7A1C47838200E7A574 /* Debug */ = {
			isa = XCBuildConfiguration;
			buildSettings = {
				ASSETCATALOG_COMPILER_APPICON_NAME = AppIcon;
				INFOPLIST_FILE = TPDrawerViewController/Info.plist;
				LD_RUNPATH_SEARCH_PATHS = "$(inherited) @executable_path/Frameworks";
				PRODUCT_BUNDLE_IDENTIFIER = net.imwork.wanhmr.TPDrawerViewController;
				PRODUCT_NAME = "$(TARGET_NAME)";
			};
			name = Debug;
		};
		F0FE3F7B1C47838200E7A574 /* Release */ = {
			isa = XCBuildConfiguration;
			buildSettings = {
				ASSETCATALOG_COMPILER_APPICON_NAME = AppIcon;
				INFOPLIST_FILE = TPDrawerViewController/Info.plist;
				LD_RUNPATH_SEARCH_PATHS = "$(inherited) @executable_path/Frameworks";
				PRODUCT_BUNDLE_IDENTIFIER = net.imwork.wanhmr.TPDrawerViewController;
				PRODUCT_NAME = "$(TARGET_NAME)";
			};
			name = Release;
		};
		F0FE3F7D1C47838200E7A574 /* Debug */ = {
			isa = XCBuildConfiguration;
			buildSettings = {
				BUNDLE_LOADER = "$(TEST_HOST)";
				INFOPLIST_FILE = TPDrawerViewControllerTests/Info.plist;
				LD_RUNPATH_SEARCH_PATHS = "$(inherited) @executable_path/Frameworks @loader_path/Frameworks";
				PRODUCT_BUNDLE_IDENTIFIER = net.imwork.wanhmr.TPDrawerViewControllerTests;
				PRODUCT_NAME = "$(TARGET_NAME)";
				TEST_HOST = "$(BUILT_PRODUCTS_DIR)/TPDrawerViewController.app/TPDrawerViewController";
			};
			name = Debug;
		};
		F0FE3F7E1C47838200E7A574 /* Release */ = {
			isa = XCBuildConfiguration;
			buildSettings = {
				BUNDLE_LOADER = "$(TEST_HOST)";
				INFOPLIST_FILE = TPDrawerViewControllerTests/Info.plist;
				LD_RUNPATH_SEARCH_PATHS = "$(inherited) @executable_path/Frameworks @loader_path/Frameworks";
				PRODUCT_BUNDLE_IDENTIFIER = net.imwork.wanhmr.TPDrawerViewControllerTests;
				PRODUCT_NAME = "$(TARGET_NAME)";
				TEST_HOST = "$(BUILT_PRODUCTS_DIR)/TPDrawerViewController.app/TPDrawerViewController";
			};
			name = Release;
		};
		F0FE3F801C47838200E7A574 /* Debug */ = {
			isa = XCBuildConfiguration;
			buildSettings = {
				INFOPLIST_FILE = TPDrawerViewControllerUITests/Info.plist;
				LD_RUNPATH_SEARCH_PATHS = "$(inherited) @executable_path/Frameworks @loader_path/Frameworks";
				PRODUCT_BUNDLE_IDENTIFIER = net.imwork.wanhmr.TPDrawerViewControllerUITests;
				PRODUCT_NAME = "$(TARGET_NAME)";
				TEST_TARGET_NAME = TPDrawerViewController;
				USES_XCTRUNNER = YES;
			};
			name = Debug;
		};
		F0FE3F811C47838200E7A574 /* Release */ = {
			isa = XCBuildConfiguration;
			buildSettings = {
				INFOPLIST_FILE = TPDrawerViewControllerUITests/Info.plist;
				LD_RUNPATH_SEARCH_PATHS = "$(inherited) @executable_path/Frameworks @loader_path/Frameworks";
				PRODUCT_BUNDLE_IDENTIFIER = net.imwork.wanhmr.TPDrawerViewControllerUITests;
				PRODUCT_NAME = "$(TARGET_NAME)";
				TEST_TARGET_NAME = TPDrawerViewController;
				USES_XCTRUNNER = YES;
			};
			name = Release;
		};
/* End XCBuildConfiguration section */

/* Begin XCConfigurationList section */
		F0FE3F471C47838100E7A574 /* Build configuration list for PBXProject "TPDrawerViewController" */ = {
			isa = XCConfigurationList;
			buildConfigurations = (
				F0FE3F771C47838200E7A574 /* Debug */,
				F0FE3F781C47838200E7A574 /* Release */,
			);
			defaultConfigurationIsVisible = 0;
			defaultConfigurationName = Release;
		};
		F0FE3F791C47838200E7A574 /* Build configuration list for PBXNativeTarget "TPDrawerViewController" */ = {
			isa = XCConfigurationList;
			buildConfigurations = (
				F0FE3F7A1C47838200E7A574 /* Debug */,
				F0FE3F7B1C47838200E7A574 /* Release */,
			);
			defaultConfigurationIsVisible = 0;
		};
		F0FE3F7C1C47838200E7A574 /* Build configuration list for PBXNativeTarget "TPDrawerViewControllerTests" */ = {
			isa = XCConfigurationList;
			buildConfigurations = (
				F0FE3F7D1C47838200E7A574 /* Debug */,
				F0FE3F7E1C47838200E7A574 /* Release */,
			);
			defaultConfigurationIsVisible = 0;
		};
		F0FE3F7F1C47838200E7A574 /* Build configuration list for PBXNativeTarget "TPDrawerViewControllerUITests" */ = {
			isa = XCConfigurationList;
			buildConfigurations = (
				F0FE3F801C47838200E7A574 /* Debug */,
				F0FE3F811C47838200E7A574 /* Release */,
			);
			defaultConfigurationIsVisible = 0;
		};
/* End XCConfigurationList section */
	};
	rootObject = F0FE3F441C47838100E7A574 /* Project object */;
}
